
Microsoft Visual Studio Solution File, Format Version 12.00
# Visual Studio Version 16
VisualStudioVersion = 16.0.30621.155
MinimumVisualStudioVersion = 10.0.40219.1
Project("{FAE04EC0-301F-11D3-BF4B-00C04F79EFBC}") = "SimplePaint", "SimplePaint\SimplePaint.csproj", "{C3889E50-913C-4E9B-8A29-2A93CCC01B66}"
EndProject
Global
	GlobalSection(SolutionConfigurationPlatforms) = preSolution
		Debug|Any CPU = Debug|Any CPU
		Release|Any CPU = Release|Any CPU
	EndGlobalSection
	GlobalSection(ProjectConfigurationPlatforms) = postSolution
		{C3889E50-913C-4E9B-8A29-2A93CCC01B66}.Debug|Any CPU.ActiveCfg = Debug|Any CPU
		{C3889E50-913C-4E9B-8A29-2A93CCC01B66}.Debug|Any CPU.Build.0 = Debug|Any CPU
		{C3889E50-913C-4E9B-8A29-2A93CCC01B66}.Release|Any CPU.ActiveCfg = Release|Any CPU
		{C3889E50-913C-4E9B-8A29-2A93CCC01B66}.Release|Any CPU.Build.0 = Release|Any CPU
	EndGlobalSection
	GlobalSection(SolutionProperties) = preSolution
		HideSolutionNode = FALSE
	EndGlobalSection
	GlobalSection(ExtensibilityGlobals) = postSolution
		SolutionGuid = {66CA27B2-8A2D-46F4-AB11-0B0925DA9FFB}
	EndGlobalSection
EndGlobal
